<?xml version="1.0" encoding="utf-8"?>
<Project ToolsVersion="4.0" xmlns="http://schemas.microsoft.com/developer/msbuild/2003">
  <ItemGroup>
    <Filter Include="Source Files">
      <UniqueIdentifier>{4FC737F1-C7A5-4376-A066-2A32D752A2FF}</UniqueIdentifier>
      <Extensions>cpp;c;cc;cxx;def;odl;idl;hpj;bat;asm;asmx</Extensions>
    </Filter>
    <Filter Include="Header Files">
      <UniqueIdentifier>{93995380-89BD-4b04-88EB-625FBE52EBFB}</UniqueIdentifier>
      <Extensions>h;hpp;hxx;hm;inl;inc;xsd</Extensions>
    </Filter>
    <Filter Include="Resource Files">
      <UniqueIdentifier>{67DA6AB6-F800-4c08-8B7A-83BB121AAD01}</UniqueIdentifier>
      <Extensions>rc;ico;cur;bmp;dlg;rc2;rct;bin;rgs;gif;jpg;jpeg;jpe;resx;tiff;tif;png;wav;mfcribbon-ms</Extensions>
    </Filter>
    <Filter Include="Header Files\Maths">
      <UniqueIdentifier>{47a3ba4c-33f3-4b47-8555-ae1a6ce17c28}</UniqueIdentifier>
    </Filter>
    <Filter Include="Header Files\Windows">
      <UniqueIdentifier>{fb311710-ef54-458a-a1cf-785b9212db5a}</UniqueIdentifier>
    </Filter>
    <Filter Include="Header Files\Graphics">
      <UniqueIdentifier>{be3da5b3-8e6b-4f97-af5f-71812a9af2d1}</UniqueIdentifier>
    </Filter>
    <Filter Include="Header Files\Utility">
      <UniqueIdentifier>{487b0a7f-1914-46fe-8c50-e8ac8c503fc4}</UniqueIdentifier>
    </Filter>
    <Filter Include="Source Files\Maths">
      <UniqueIdentifier>{e8902b8e-af8f-4ee9-9129-e5981ce2d7c7}</UniqueIdentifier>
    </Filter>
    <Filter Include="Source Files\Graphics">
      <UniqueIdentifier>{311dd893-f8b2-418a-8572-a9d220c00d14}</UniqueIdentifier>
    </Filter>
    <Filter Include="Source Files\Windows">
      <UniqueIdentifier>{f29918c7-7a2b-46cf-bf78-f25a51cfb7d7}</UniqueIdentifier>
    </Filter>
    <Filter Include="Source Files\Utility">
      <UniqueIdentifier>{6bf55979-2bc5-4ceb-bcc2-45860ce51d17}</UniqueIdentifier>
    </Filter>
    <Filter Include="Source Files\World">
      <UniqueIdentifier>{070ee0d6-6084-488d-a883-597223ce59c2}</UniqueIdentifier>
    </Filter>
    <Filter Include="Header Files\World">
      <UniqueIdentifier>{1515b912-6516-4c9d-a413-efc27252e3df}</UniqueIdentifier>
    </Filter>
    <Filter Include="Header Files\Factories">
      <UniqueIdentifier>{358943d1-7c0e-47d2-a923-cf757b0c388f}</UniqueIdentifier>
    </Filter>
    <Filter Include="Source Files\Factories">
      <UniqueIdentifier>{0a9e8d18-5ca5-42e5-90a2-413a778f59bf}</UniqueIdentifier>
    </Filter>
    <Filter Include="Header Files\World\Objects and Components">
      <UniqueIdentifier>{d9e644f3-7548-45e1-8f90-a80b51945e34}</UniqueIdentifier>
    </Filter>
    <Filter Include="Source Files\World\Objects and Components">
      <UniqueIdentifier>{08b8bfd6-baf3-412e-a243-f40a07f07227}</UniqueIdentifier>
    </Filter>
    <Filter Include="Source Files\World\Material">
      <UniqueIdentifier>{905dfb9f-9900-485a-8425-8ef2fde01b88}</UniqueIdentifier>
    </Filter>
    <Filter Include="Header Files\World\Material">
      <UniqueIdentifier>{7f8c727d-77a4-4f23-886b-23d704a12e25}</UniqueIdentifier>
    </Filter>
    <Filter Include="Header Files\World\Material\Textures">
      <UniqueIdentifier>{8ee7ea18-5dbb-460f-aad1-b57aed202eca}</UniqueIdentifier>
    </Filter>
    <Filter Include="Source Files\World\Material\Textures">
      <UniqueIdentifier>{67575b43-e663-4362-a96c-588e6d84283e}</UniqueIdentifier>
    </Filter>
  </ItemGroup>
  <ItemGroup>
    <ClCompile Include="Vector2.cpp">
      <Filter>Source Files\Maths</Filter>
    </ClCompile>
    <ClCompile Include="Matrix4x4.cpp">
      <Filter>Source Files\Maths</Filter>
    </ClCompile>
    <ClCompile Include="Vector3.cpp">
      <Filter>Source Files\Maths</Filter>
    </ClCompile>
    <ClCompile Include="Vector4.cpp">
      <Filter>Source Files\Maths</Filter>
    </ClCompile>
    <ClCompile Include="Quaternion.cpp">
      <Filter>Source Files\Maths</Filter>
    </ClCompile>
    <ClCompile Include="simd.cpp">
      <Filter>Source Files\Utility</Filter>
    </ClCompile>
    <ClCompile Include="Application.cpp">
      <Filter>Source Files</Filter>
    </ClCompile>
    <ClCompile Include="cameraclass.cpp">
      <Filter>Source Files</Filter>
    </ClCompile>
    <ClCompile Include="colorshaderclass.cpp">
      <Filter>Source Files</Filter>
    </ClCompile>
    <ClCompile Include="lightclass.cpp">
      <Filter>Source Files</Filter>
    </ClCompile>
    <ClCompile Include="lightshaderclass.cpp">
      <Filter>Source Files</Filter>
    </ClCompile>
    <ClCompile Include="main.cpp">
      <Filter>Source Files</Filter>
    </ClCompile>
    <ClCompile Include="ModelClass.cpp">
      <Filter>Source Files</Filter>
    </ClCompile>
    <ClCompile Include="textureclass.cpp">
      <Filter>Source Files</Filter>
    </ClCompile>
    <ClCompile Include="textureshaderclass.cpp">
      <Filter>Source Files</Filter>
    </ClCompile>
    <ClCompile Include="Mouse.cpp">
      <Filter>Source Files\Windows</Filter>
    </ClCompile>
    <ClCompile Include="Hardware.cpp">
      <Filter>Source Files\Windows</Filter>
    </ClCompile>
    <ClCompile Include="GraphicsWindow.cpp">
      <Filter>Source Files\Windows</Filter>
    </ClCompile>
    <ClCompile Include="d3dclass.cpp">
      <Filter>Source Files\Graphics</Filter>
    </ClCompile>
    <ClCompile Include="graphicsclass.cpp">
      <Filter>Source Files\Graphics</Filter>
    </ClCompile>
    <ClCompile Include="Component.cpp">
      <Filter>Source Files\World\Objects and Components</Filter>
    </ClCompile>
    <ClCompile Include="GameObject.cpp">
      <Filter>Source Files\World\Objects and Components</Filter>
    </ClCompile>
    <ClCompile Include="Camera.cpp">
      <Filter>Source Files\World\Objects and Components</Filter>
    </ClCompile>
    <ClCompile Include="Scale.cpp">
      <Filter>Source Files\World\Objects and Components</Filter>
    </ClCompile>
    <ClCompile Include="FirstPersonController.cpp">
      <Filter>Source Files\World\Objects and Components</Filter>
    </ClCompile>
    <ClCompile Include="Orientation.cpp">
      <Filter>Source Files\World\Objects and Components</Filter>
    </ClCompile>
    <ClCompile Include="Texture.cpp">
      <Filter>Source Files\World\Material\Textures</Filter>
    </ClCompile>
    <ClCompile Include="UtilityFunctions.cpp">
      <Filter>Source Files\Utility</Filter>
    </ClCompile>
    <ClCompile Include="MeshFactory.cpp">
      <Filter>Source Files\Factories</Filter>
    </ClCompile>
    <ClCompile Include="World.cpp">
      <Filter>Source Files\World</Filter>
    </ClCompile>
    <ClCompile Include="SpinController.cpp">
      <Filter>Source Files\World\Objects and Components</Filter>
    </ClCompile>
  </ItemGroup>
  <ItemGroup>
    <ClInclude Include="Vector2.h">
      <Filter>Header Files\Maths</Filter>
    </ClInclude>
    <ClInclude Include="Matrix4x4.h">
      <Filter>Header Files\Maths</Filter>
    </ClInclude>
    <ClInclude Include="Vector3.h">
      <Filter>Header Files\Maths</Filter>
    </ClInclude>
    <ClInclude Include="Vector4.h">
      <Filter>Header Files\Maths</Filter>
    </ClInclude>
    <ClInclude Include="simd.h">
      <Filter>Header Files\Utility</Filter>
    </ClInclude>
    <ClInclude Include="Quaternion.h">
      <Filter>Header Files\Maths</Filter>
    </ClInclude>
    <ClInclude Include="MathsClasses.h">
      <Filter>Header Files\Maths</Filter>
    </ClInclude>
    <ClInclude Include="UtilityFunctions.h">
      <Filter>Header Files\Utility</Filter>
    </ClInclude>
    <ClInclude Include="LookupTable.h">
      <Filter>Header Files\Utility</Filter>
    </ClInclude>
    <ClInclude Include="Application.h">
      <Filter>Header Files</Filter>
    </ClInclude>
    <ClInclude Include="cameraclass.h">
      <Filter>Header Files</Filter>
    </ClInclude>
    <ClInclude Include="colorshaderclass.h">
      <Filter>Header Files</Filter>
    </ClInclude>
    <ClInclude Include="lightclass.h">
      <Filter>Header Files</Filter>
    </ClInclude>
    <ClInclude Include="lightshaderclass.h">
      <Filter>Header Files</Filter>
    </ClInclude>
    <ClInclude Include="ModelClass.h">
      <Filter>Header Files</Filter>
    </ClInclude>
    <ClInclude Include="ShaderInterface.h">
      <Filter>Header Files</Filter>
    </ClInclude>
    <ClInclude Include="textureclass.h">
      <Filter>Header Files</Filter>
    </ClInclude>
    <ClInclude Include="textureshaderclass.h">
      <Filter>Header Files</Filter>
    </ClInclude>
    <ClInclude Include="d3dclass.h">
      <Filter>Header Files\Graphics</Filter>
    </ClInclude>
    <ClInclude Include="graphicsclass.h">
      <Filter>Header Files\Graphics</Filter>
    </ClInclude>
    <ClInclude Include="Mouse.h">
      <Filter>Header Files\Windows</Filter>
    </ClInclude>
    <ClInclude Include="Hardware.h">
      <Filter>Header Files\Windows</Filter>
    </ClInclude>
    <ClInclude Include="GraphicsWindow.h">
      <Filter>Header Files\Windows</Filter>
    </ClInclude>
    <ClInclude Include="Component.h">
      <Filter>Header Files\World\Objects and Components</Filter>
    </ClInclude>
    <ClInclude Include="GameObject.h">
      <Filter>Header Files\World\Objects and Components</Filter>
    </ClInclude>
    <ClInclude Include="Orientation.h">
      <Filter>Header Files\World\Objects and Components</Filter>
    </ClInclude>
    <ClInclude Include="Position.h">
      <Filter>Header Files\World\Objects and Components</Filter>
    </ClInclude>
    <ClInclude Include="Camera.h">
      <Filter>Header Files\World\Objects and Components</Filter>
    </ClInclude>
    <ClInclude Include="Scale.h">
      <Filter>Header Files\World\Objects and Components</Filter>
    </ClInclude>
    <ClInclude Include="Mesh.h">
      <Filter>Header Files\World\Objects and Components</Filter>
    </ClInclude>
    <ClInclude Include="MessagePasser.h">
      <Filter>Header Files\Windows</Filter>
    </ClInclude>
    <ClInclude Include="FirstPersonController.h">
      <Filter>Header Files\World\Objects and Components</Filter>
    </ClInclude>
    <ClInclude Include="Material.h">
      <Filter>Header Files\World\Material</Filter>
    </ClInclude>
    <ClInclude Include="Texture.h">
      <Filter>Header Files\World\Material\Textures</Filter>
    </ClInclude>
    <ClInclude Include="TextureTypes.h">
      <Filter>Header Files\World\Material\Textures</Filter>
    </ClInclude>
    <ClInclude Include="MeshFactory.h">
      <Filter>Header Files\Factories</Filter>
    </ClInclude>
    <ClInclude Include="World.h">
      <Filter>Header Files\World</Filter>
    </ClInclude>
    <ClInclude Include="SpinController.h">
      <Filter>Header Files\World\Objects and Components</Filter>
    </ClInclude>
  </ItemGroup>
  <ItemGroup>
    <None Include="seafloor.dds">
      <Filter>Resource Files</Filter>
    </None>
    <None Include="Tutorial07.fx">
      <Filter>Resource Files</Filter>
    </None>
    <None Include="Tutorial07.jpg">
      <Filter>Resource Files</Filter>
    </None>
    <None Include="brick1.dds">
      <Filter>Resource Files</Filter>
    </None>
    <None Include="color.ps">
      <Filter>Resource Files</Filter>
    </None>
    <None Include="color.vs">
      <Filter>Resource Files</Filter>
    </None>
    <None Include="dirt1.JPG">
      <Filter>Resource Files</Filter>
    </None>
    <None Include="light.ps">
      <Filter>Resource Files</Filter>
    </None>
    <None Include="light.vs">
      <Filter>Resource Files</Filter>
    </None>
    <None Include="plastic1.JPG">
      <Filter>Resource Files</Filter>
    </None>
    <None Include="texture.ps">
      <Filter>Resource Files</Filter>
    </None>
    <None Include="texture.vs">
      <Filter>Resource Files</Filter>
    </None>
  </ItemGroup>
</Project>